
Microsoft Visual Studio Solution File, Format Version 12.00
# Visual Studio 15
VisualStudioVersion = 15.0.28010.2041
MinimumVisualStudioVersion = 10.0.40219.1
Project("{FAE04EC0-301F-11D3-BF4B-00C04F79EFBC}") = "vidly", "vidly\vidly.csproj", "{3FFEAA3C-2F83-4257-A67B-CF0F511A7407}"
EndProject
Global
	GlobalSection(SolutionConfigurationPlatforms) = preSolution
		Debug|Any CPU = Debug|Any CPU
		Release|Any CPU = Release|Any CPU
	EndGlobalSection
	GlobalSection(ProjectConfigurationPlatforms) = postSolution
		{3FFEAA3C-2F83-4257-A67B-CF0F511A7407}.Debug|Any CPU.ActiveCfg = Debug|Any CPU
		{3FFEAA3C-2F83-4257-A67B-CF0F511A7407}.Debug|Any CPU.Build.0 = Debug|Any CPU
		{3FFEAA3C-2F83-4257-A67B-CF0F511A7407}.Release|Any CPU.ActiveCfg = Release|Any CPU
		{3FFEAA3C-2F83-4257-A67B-CF0F511A7407}.Release|Any CPU.Build.0 = Release|Any CPU
	EndGlobalSection
	GlobalSection(SolutionProperties) = preSolution
		HideSolutionNode = FALSE
	EndGlobalSection
	GlobalSection(ExtensibilityGlobals) = postSolution
		SolutionGuid = {E0ED4C10-C306-4F4C-A80E-3C69BE3742FB}
	EndGlobalSection
EndGlobal
